
Microsoft Visual Studio Solution File, Format Version 12.00
# Visual Studio Version 17
VisualStudioVersion = 17.2.32526.322
MinimumVisualStudioVersion = 10.0.40219.1
Project("{2150E333-8FDC-42A3-9474-1A3956D46DE8}") = "1.Clients", "1.Clients", "{435C4400-61EE-4B51-8628-196CD05F8208}"
EndProject
Project("{2150E333-8FDC-42A3-9474-1A3956D46DE8}") = "2.Managers", "2.Managers", "{A1E864AF-2BE5-4318-BA6D-A47B88D9CE9E}"
EndProject
Project("{2150E333-8FDC-42A3-9474-1A3956D46DE8}") = "3.Engines", "3.Engines", "{B834526F-2310-4640-AB6D-F27F9CF9856C}"
EndProject
Project("{2150E333-8FDC-42A3-9474-1A3956D46DE8}") = "4.Accessors", "4.Accessors", "{4B766B5B-203D-48D8-8332-0DFC98A760B5}"
EndProject
Project("{2150E333-8FDC-42A3-9474-1A3956D46DE8}") = "5.Databases", "5.Databases", "{80577820-A108-439E-9B82-F4724567BA70}"
EndProject
Project("{2150E333-8FDC-42A3-9474-1A3956D46DE8}") = "6.Common", "6.Common", "{141295E8-0AC0-4062-8A36-C73282456A4E}"
EndProject
Project("{2150E333-8FDC-42A3-9474-1A3956D46DE8}") = "7.Tests", "7.Tests", "{722D7E7A-46D6-4585-BCBE-D374766027CC}"
EndProject
Project("{FAE04EC0-301F-11D3-BF4B-00C04F79EFBC}") = "Primary", "Olsson.GET.Databases.Primary\Primary.csproj", "{905F4CAD-A8F8-4682-B58B-B29BA8A6F0BA}"
EndProject
Project("{FAE04EC0-301F-11D3-BF4B-00C04F79EFBC}") = "Utilities", "Olsson.GET.Common.Utilities\Utilities.csproj", "{B9884D79-6B0C-4C44-8551-3C7DDB812A5B}"
EndProject
Project("{FAE04EC0-301F-11D3-BF4B-00C04F79EFBC}") = "Shared", "Olsson.GET.Common.Shared\Shared.csproj", "{7A7F836B-A31B-4D1E-829E-3B548618EB17}"
EndProject
Project("{FAE04EC0-301F-11D3-BF4B-00C04F79EFBC}") = "DataContracts", "Olsson.GET.Common.DataContracts\DataContracts.csproj", "{C643FD42-A686-483F-880D-9150A57D9292}"
EndProject
Project("{FAE04EC0-301F-11D3-BF4B-00C04F79EFBC}") = "AspIdentity", "Olsson.GET.Common.AspIdentity\AspIdentity.csproj", "{8769C6F6-3AB2-4760-AE2E-6016421651E6}"
EndProject
Project("{FAE04EC0-301F-11D3-BF4B-00C04F79EFBC}") = "Managers", "Olsson.GET.Managers\Managers.csproj", "{D7A7E0B2-4C95-43C4-8F26-301433BDB8B7}"
EndProject
Project("{FAE04EC0-301F-11D3-BF4B-00C04F79EFBC}") = "Engines", "Olsson.GET.Engines\Engines.csproj", "{EF9149F0-C106-4DE1-B3F0-D79EA004689C}"
EndProject
Project("{FAE04EC0-301F-11D3-BF4B-00C04F79EFBC}") = "Accessors", "Olsson.GET.Accessors\Accessors.csproj", "{85F41A7D-0D02-4DB7-A7FC-880ED15C6618}"
EndProject
Project("{FAE04EC0-301F-11D3-BF4B-00C04F79EFBC}") = "AccessorTests", "Olsson.GET.Tests.AccessorTests\AccessorTests.csproj", "{B5C50493-0CA3-4CA8-A612-4598F5355DA4}"
EndProject
Project("{FAE04EC0-301F-11D3-BF4B-00C04F79EFBC}") = "Orchestrator", "Olsson.GET.Clients.Orchestrator\Orchestrator.csproj", "{2ED13FFA-C772-4AC7-AB2E-D38FAABCFA72}"
EndProject
Project("{FAE04EC0-301F-11D3-BF4B-00C04F79EFBC}") = "Agent", "Olsson.GET.Clients.Agent\Agent.csproj", "{7B3253AB-DA44-4EF1-872B-512262929EB4}"
EndProject
Project("{FAE04EC0-301F-11D3-BF4B-00C04F79EFBC}") = "ManagerTests", "Olsson.GET.Tests.ManagerTests\ManagerTests.csproj", "{5FE61505-7D24-4629-826F-8AE15AA0E266}"
EndProject
Project("{FAE04EC0-301F-11D3-BF4B-00C04F79EFBC}") = "EngineTests", "Olsson.GET.Tests.EngineTests\EngineTests.csproj", "{78528502-B55B-45F7-9E97-9822CB12F98E}"
EndProject
Project("{FAE04EC0-301F-11D3-BF4B-00C04F79EFBC}") = "IntegrationTests", "Olsson.Get.Tests.IntegrationTests\IntegrationTests.csproj", "{2DB4426F-18FC-4368-A12D-FCC997598AAF}"
EndProject
Project("{9A19103F-16F7-4668-BE54-9A1E7A4F7556}") = "APIFunctions", "Olsson.GET.Clients.APIFunctions\APIFunctions.csproj", "{00CCBBE7-ABFF-40A4-A66E-8F99FB79E5DF}"
	ProjectSection(ProjectDependencies) = postProject
		{85F41A7D-0D02-4DB7-A7FC-880ED15C6618} = {85F41A7D-0D02-4DB7-A7FC-880ED15C6618}
	EndProjectSection
EndProject
Global
	GlobalSection(SolutionConfigurationPlatforms) = preSolution
		Debug|Any CPU = Debug|Any CPU
		QA|Any CPU = QA|Any CPU
		Release|Any CPU = Release|Any CPU
		Tests|Any CPU = Tests|Any CPU
	EndGlobalSection
	GlobalSection(ProjectConfigurationPlatforms) = postSolution
		{905F4CAD-A8F8-4682-B58B-B29BA8A6F0BA}.Debug|Any CPU.ActiveCfg = Debug|Any CPU
		{905F4CAD-A8F8-4682-B58B-B29BA8A6F0BA}.Debug|Any CPU.Build.0 = Debug|Any CPU
		{905F4CAD-A8F8-4682-B58B-B29BA8A6F0BA}.QA|Any CPU.ActiveCfg = Release|Any CPU
		{905F4CAD-A8F8-4682-B58B-B29BA8A6F0BA}.QA|Any CPU.Build.0 = Release|Any CPU
		{905F4CAD-A8F8-4682-B58B-B29BA8A6F0BA}.Release|Any CPU.ActiveCfg = Release|Any CPU
		{905F4CAD-A8F8-4682-B58B-B29BA8A6F0BA}.Release|Any CPU.Build.0 = Release|Any CPU
		{905F4CAD-A8F8-4682-B58B-B29BA8A6F0BA}.Tests|Any CPU.ActiveCfg = Tests|Any CPU
		{905F4CAD-A8F8-4682-B58B-B29BA8A6F0BA}.Tests|Any CPU.Build.0 = Tests|Any CPU
		{B9884D79-6B0C-4C44-8551-3C7DDB812A5B}.Debug|Any CPU.ActiveCfg = Debug|Any CPU
		{B9884D79-6B0C-4C44-8551-3C7DDB812A5B}.Debug|Any CPU.Build.0 = Debug|Any CPU
		{B9884D79-6B0C-4C44-8551-3C7DDB812A5B}.QA|Any CPU.ActiveCfg = Release|Any CPU
		{B9884D79-6B0C-4C44-8551-3C7DDB812A5B}.QA|Any CPU.Build.0 = Release|Any CPU
		{B9884D79-6B0C-4C44-8551-3C7DDB812A5B}.Release|Any CPU.ActiveCfg = Release|Any CPU
		{B9884D79-6B0C-4C44-8551-3C7DDB812A5B}.Release|Any CPU.Build.0 = Release|Any CPU
		{B9884D79-6B0C-4C44-8551-3C7DDB812A5B}.Tests|Any CPU.ActiveCfg = Release|Any CPU
		{B9884D79-6B0C-4C44-8551-3C7DDB812A5B}.Tests|Any CPU.Build.0 = Release|Any CPU
		{7A7F836B-A31B-4D1E-829E-3B548618EB17}.Debug|Any CPU.ActiveCfg = Debug|Any CPU
		{7A7F836B-A31B-4D1E-829E-3B548618EB17}.Debug|Any CPU.Build.0 = Debug|Any CPU
		{7A7F836B-A31B-4D1E-829E-3B548618EB17}.QA|Any CPU.ActiveCfg = QA|Any CPU
		{7A7F836B-A31B-4D1E-829E-3B548618EB17}.QA|Any CPU.Build.0 = QA|Any CPU
		{7A7F836B-A31B-4D1E-829E-3B548618EB17}.Release|Any CPU.ActiveCfg = Release|Any CPU
		{7A7F836B-A31B-4D1E-829E-3B548618EB17}.Release|Any CPU.Build.0 = Release|Any CPU
		{7A7F836B-A31B-4D1E-829E-3B548618EB17}.Tests|Any CPU.ActiveCfg = QA|Any CPU
		{7A7F836B-A31B-4D1E-829E-3B548618EB17}.Tests|Any CPU.Build.0 = QA|Any CPU
		{C643FD42-A686-483F-880D-9150A57D9292}.Debug|Any CPU.ActiveCfg = Debug|Any CPU
		{C643FD42-A686-483F-880D-9150A57D9292}.Debug|Any CPU.Build.0 = Debug|Any CPU
		{C643FD42-A686-483F-880D-9150A57D9292}.QA|Any CPU.ActiveCfg = Release|Any CPU
		{C643FD42-A686-483F-880D-9150A57D9292}.QA|Any CPU.Build.0 = Release|Any CPU
		{C643FD42-A686-483F-880D-9150A57D9292}.Release|Any CPU.ActiveCfg = Release|Any CPU
		{C643FD42-A686-483F-880D-9150A57D9292}.Release|Any CPU.Build.0 = Release|Any CPU
		{C643FD42-A686-483F-880D-9150A57D9292}.Tests|Any CPU.ActiveCfg = Release|Any CPU
		{C643FD42-A686-483F-880D-9150A57D9292}.Tests|Any CPU.Build.0 = Release|Any CPU
		{8769C6F6-3AB2-4760-AE2E-6016421651E6}.Debug|Any CPU.ActiveCfg = Debug|Any CPU
		{8769C6F6-3AB2-4760-AE2E-6016421651E6}.Debug|Any CPU.Build.0 = Debug|Any CPU
		{8769C6F6-3AB2-4760-AE2E-6016421651E6}.QA|Any CPU.ActiveCfg = Release|Any CPU
		{8769C6F6-3AB2-4760-AE2E-6016421651E6}.QA|Any CPU.Build.0 = Release|Any CPU
		{8769C6F6-3AB2-4760-AE2E-6016421651E6}.Release|Any CPU.ActiveCfg = Release|Any CPU
		{8769C6F6-3AB2-4760-AE2E-6016421651E6}.Release|Any CPU.Build.0 = Release|Any CPU
		{8769C6F6-3AB2-4760-AE2E-6016421651E6}.Tests|Any CPU.ActiveCfg = Release|Any CPU
		{8769C6F6-3AB2-4760-AE2E-6016421651E6}.Tests|Any CPU.Build.0 = Release|Any CPU
		{D7A7E0B2-4C95-43C4-8F26-301433BDB8B7}.Debug|Any CPU.ActiveCfg = Debug|Any CPU
		{D7A7E0B2-4C95-43C4-8F26-301433BDB8B7}.Debug|Any CPU.Build.0 = Debug|Any CPU
		{D7A7E0B2-4C95-43C4-8F26-301433BDB8B7}.QA|Any CPU.ActiveCfg = Release|Any CPU
		{D7A7E0B2-4C95-43C4-8F26-301433BDB8B7}.QA|Any CPU.Build.0 = Release|Any CPU
		{D7A7E0B2-4C95-43C4-8F26-301433BDB8B7}.Release|Any CPU.ActiveCfg = Release|Any CPU
		{D7A7E0B2-4C95-43C4-8F26-301433BDB8B7}.Release|Any CPU.Build.0 = Release|Any CPU
		{D7A7E0B2-4C95-43C4-8F26-301433BDB8B7}.Tests|Any CPU.ActiveCfg = Release|Any CPU
		{D7A7E0B2-4C95-43C4-8F26-301433BDB8B7}.Tests|Any CPU.Build.0 = Release|Any CPU
		{EF9149F0-C106-4DE1-B3F0-D79EA004689C}.Debug|Any CPU.ActiveCfg = Debug|Any CPU
		{EF9149F0-C106-4DE1-B3F0-D79EA004689C}.Debug|Any CPU.Build.0 = Debug|Any CPU
		{EF9149F0-C106-4DE1-B3F0-D79EA004689C}.QA|Any CPU.ActiveCfg = Release|Any CPU
		{EF9149F0-C106-4DE1-B3F0-D79EA004689C}.QA|Any CPU.Build.0 = Release|Any CPU
		{EF9149F0-C106-4DE1-B3F0-D79EA004689C}.Release|Any CPU.ActiveCfg = Release|Any CPU
		{EF9149F0-C106-4DE1-B3F0-D79EA004689C}.Release|Any CPU.Build.0 = Release|Any CPU
		{EF9149F0-C106-4DE1-B3F0-D79EA004689C}.Tests|Any CPU.ActiveCfg = Release|Any CPU
		{EF9149F0-C106-4DE1-B3F0-D79EA004689C}.Tests|Any CPU.Build.0 = Release|Any CPU
		{85F41A7D-0D02-4DB7-A7FC-880ED15C6618}.Debug|Any CPU.ActiveCfg = Debug|Any CPU
		{85F41A7D-0D02-4DB7-A7FC-880ED15C6618}.Debug|Any CPU.Build.0 = Debug|Any CPU
		{85F41A7D-0D02-4DB7-A7FC-880ED15C6618}.QA|Any CPU.ActiveCfg = Release|Any CPU
		{85F41A7D-0D02-4DB7-A7FC-880ED15C6618}.QA|Any CPU.Build.0 = Release|Any CPU
		{85F41A7D-0D02-4DB7-A7FC-880ED15C6618}.Release|Any CPU.ActiveCfg = Release|Any CPU
		{85F41A7D-0D02-4DB7-A7FC-880ED15C6618}.Release|Any CPU.Build.0 = Release|Any CPU
		{85F41A7D-0D02-4DB7-A7FC-880ED15C6618}.Tests|Any CPU.ActiveCfg = Release|Any CPU
		{85F41A7D-0D02-4DB7-A7FC-880ED15C6618}.Tests|Any CPU.Build.0 = Release|Any CPU
		{B5C50493-0CA3-4CA8-A612-4598F5355DA4}.Debug|Any CPU.ActiveCfg = Debug|Any CPU
		{B5C50493-0CA3-4CA8-A612-4598F5355DA4}.Debug|Any CPU.Build.0 = Debug|Any CPU
		{B5C50493-0CA3-4CA8-A612-4598F5355DA4}.QA|Any CPU.ActiveCfg = Tests|Any CPU
		{B5C50493-0CA3-4CA8-A612-4598F5355DA4}.QA|Any CPU.Build.0 = Tests|Any CPU
		{B5C50493-0CA3-4CA8-A612-4598F5355DA4}.Release|Any CPU.ActiveCfg = Release|Any CPU
		{B5C50493-0CA3-4CA8-A612-4598F5355DA4}.Tests|Any CPU.ActiveCfg = Tests|Any CPU
		{B5C50493-0CA3-4CA8-A612-4598F5355DA4}.Tests|Any CPU.Build.0 = Tests|Any CPU
		{2ED13FFA-C772-4AC7-AB2E-D38FAABCFA72}.Debug|Any CPU.ActiveCfg = Debug|Any CPU
		{2ED13FFA-C772-4AC7-AB2E-D38FAABCFA72}.Debug|Any CPU.Build.0 = Debug|Any CPU
		{2ED13FFA-C772-4AC7-AB2E-D38FAABCFA72}.QA|Any CPU.ActiveCfg = QA|Any CPU
		{2ED13FFA-C772-4AC7-AB2E-D38FAABCFA72}.QA|Any CPU.Build.0 = QA|Any CPU
		{2ED13FFA-C772-4AC7-AB2E-D38FAABCFA72}.Release|Any CPU.ActiveCfg = Release|Any CPU
		{2ED13FFA-C772-4AC7-AB2E-D38FAABCFA72}.Release|Any CPU.Build.0 = Release|Any CPU
		{2ED13FFA-C772-4AC7-AB2E-D38FAABCFA72}.Tests|Any CPU.ActiveCfg = QA|Any CPU
		{2ED13FFA-C772-4AC7-AB2E-D38FAABCFA72}.Tests|Any CPU.Build.0 = QA|Any CPU
		{7B3253AB-DA44-4EF1-872B-512262929EB4}.Debug|Any CPU.ActiveCfg = Debug|Any CPU
		{7B3253AB-DA44-4EF1-872B-512262929EB4}.Debug|Any CPU.Build.0 = Debug|Any CPU
		{7B3253AB-DA44-4EF1-872B-512262929EB4}.QA|Any CPU.ActiveCfg = QA|Any CPU
		{7B3253AB-DA44-4EF1-872B-512262929EB4}.QA|Any CPU.Build.0 = QA|Any CPU
		{7B3253AB-DA44-4EF1-872B-512262929EB4}.Release|Any CPU.ActiveCfg = Release|Any CPU
		{7B3253AB-DA44-4EF1-872B-512262929EB4}.Release|Any CPU.Build.0 = Release|Any CPU
		{7B3253AB-DA44-4EF1-872B-512262929EB4}.Tests|Any CPU.ActiveCfg = QA|Any CPU
		{7B3253AB-DA44-4EF1-872B-512262929EB4}.Tests|Any CPU.Build.0 = QA|Any CPU
		{5FE61505-7D24-4629-826F-8AE15AA0E266}.Debug|Any CPU.ActiveCfg = Debug|Any CPU
		{5FE61505-7D24-4629-826F-8AE15AA0E266}.Debug|Any CPU.Build.0 = Debug|Any CPU
		{5FE61505-7D24-4629-826F-8AE15AA0E266}.QA|Any CPU.ActiveCfg = Tests|Any CPU
		{5FE61505-7D24-4629-826F-8AE15AA0E266}.QA|Any CPU.Build.0 = Tests|Any CPU
		{5FE61505-7D24-4629-826F-8AE15AA0E266}.Release|Any CPU.ActiveCfg = Release|Any CPU
		{5FE61505-7D24-4629-826F-8AE15AA0E266}.Release|Any CPU.Build.0 = Release|Any CPU
		{5FE61505-7D24-4629-826F-8AE15AA0E266}.Tests|Any CPU.ActiveCfg = Tests|Any CPU
		{5FE61505-7D24-4629-826F-8AE15AA0E266}.Tests|Any CPU.Build.0 = Tests|Any CPU
		{78528502-B55B-45F7-9E97-9822CB12F98E}.Debug|Any CPU.ActiveCfg = Debug|Any CPU
		{78528502-B55B-45F7-9E97-9822CB12F98E}.Debug|Any CPU.Build.0 = Debug|Any CPU
		{78528502-B55B-45F7-9E97-9822CB12F98E}.QA|Any CPU.ActiveCfg = Tests|Any CPU
		{78528502-B55B-45F7-9E97-9822CB12F98E}.QA|Any CPU.Build.0 = Tests|Any CPU
		{78528502-B55B-45F7-9E97-9822CB12F98E}.Release|Any CPU.ActiveCfg = Release|Any CPU
		{78528502-B55B-45F7-9E97-9822CB12F98E}.Release|Any CPU.Build.0 = Release|Any CPU
		{78528502-B55B-45F7-9E97-9822CB12F98E}.Tests|Any CPU.ActiveCfg = Tests|Any CPU
		{78528502-B55B-45F7-9E97-9822CB12F98E}.Tests|Any CPU.Build.0 = Tests|Any CPU
		{2DB4426F-18FC-4368-A12D-FCC997598AAF}.Debug|Any CPU.ActiveCfg = Debug|Any CPU
		{2DB4426F-18FC-4368-A12D-FCC997598AAF}.Debug|Any CPU.Build.0 = Debug|Any CPU
		{2DB4426F-18FC-4368-A12D-FCC997598AAF}.QA|Any CPU.ActiveCfg = Tests|Any CPU
		{2DB4426F-18FC-4368-A12D-FCC997598AAF}.QA|Any CPU.Build.0 = Tests|Any CPU
		{2DB4426F-18FC-4368-A12D-FCC997598AAF}.Release|Any CPU.ActiveCfg = Release|Any CPU
		{2DB4426F-18FC-4368-A12D-FCC997598AAF}.Release|Any CPU.Build.0 = Release|Any CPU
		{2DB4426F-18FC-4368-A12D-FCC997598AAF}.Tests|Any CPU.ActiveCfg = Tests|Any CPU
		{2DB4426F-18FC-4368-A12D-FCC997598AAF}.Tests|Any CPU.Build.0 = Tests|Any CPU
		{00CCBBE7-ABFF-40A4-A66E-8F99FB79E5DF}.Debug|Any CPU.ActiveCfg = Debug|Any CPU
		{00CCBBE7-ABFF-40A4-A66E-8F99FB79E5DF}.Debug|Any CPU.Build.0 = Debug|Any CPU
		{00CCBBE7-ABFF-40A4-A66E-8F99FB79E5DF}.QA|Any CPU.ActiveCfg = Debug|Any CPU
		{00CCBBE7-ABFF-40A4-A66E-8F99FB79E5DF}.QA|Any CPU.Build.0 = Debug|Any CPU
		{00CCBBE7-ABFF-40A4-A66E-8F99FB79E5DF}.Release|Any CPU.ActiveCfg = Release|Any CPU
		{00CCBBE7-ABFF-40A4-A66E-8F99FB79E5DF}.Release|Any CPU.Build.0 = Release|Any CPU
		{00CCBBE7-ABFF-40A4-A66E-8F99FB79E5DF}.Tests|Any CPU.ActiveCfg = Debug|Any CPU
		{00CCBBE7-ABFF-40A4-A66E-8F99FB79E5DF}.Tests|Any CPU.Build.0 = Debug|Any CPU
	EndGlobalSection
	GlobalSection(SolutionProperties) = preSolution
		HideSolutionNode = FALSE
	EndGlobalSection
	GlobalSection(NestedProjects) = preSolution
		{905F4CAD-A8F8-4682-B58B-B29BA8A6F0BA} = {80577820-A108-439E-9B82-F4724567BA70}
		{B9884D79-6B0C-4C44-8551-3C7DDB812A5B} = {141295E8-0AC0-4062-8A36-C73282456A4E}
		{7A7F836B-A31B-4D1E-829E-3B548618EB17} = {141295E8-0AC0-4062-8A36-C73282456A4E}
		{C643FD42-A686-483F-880D-9150A57D9292} = {141295E8-0AC0-4062-8A36-C73282456A4E}
		{8769C6F6-3AB2-4760-AE2E-6016421651E6} = {141295E8-0AC0-4062-8A36-C73282456A4E}
		{D7A7E0B2-4C95-43C4-8F26-301433BDB8B7} = {A1E864AF-2BE5-4318-BA6D-A47B88D9CE9E}
		{EF9149F0-C106-4DE1-B3F0-D79EA004689C} = {B834526F-2310-4640-AB6D-F27F9CF9856C}
		{85F41A7D-0D02-4DB7-A7FC-880ED15C6618} = {4B766B5B-203D-48D8-8332-0DFC98A760B5}
		{B5C50493-0CA3-4CA8-A612-4598F5355DA4} = {722D7E7A-46D6-4585-BCBE-D374766027CC}
		{2ED13FFA-C772-4AC7-AB2E-D38FAABCFA72} = {435C4400-61EE-4B51-8628-196CD05F8208}
		{7B3253AB-DA44-4EF1-872B-512262929EB4} = {435C4400-61EE-4B51-8628-196CD05F8208}
		{5FE61505-7D24-4629-826F-8AE15AA0E266} = {722D7E7A-46D6-4585-BCBE-D374766027CC}
		{78528502-B55B-45F7-9E97-9822CB12F98E} = {722D7E7A-46D6-4585-BCBE-D374766027CC}
		{2DB4426F-18FC-4368-A12D-FCC997598AAF} = {722D7E7A-46D6-4585-BCBE-D374766027CC}
		{00CCBBE7-ABFF-40A4-A66E-8F99FB79E5DF} = {435C4400-61EE-4B51-8628-196CD05F8208}
	EndGlobalSection
	GlobalSection(ExtensibilityGlobals) = postSolution
		SolutionGuid = {E3AA6C51-9A1D-4CF2-8405-460C82B5140B}
	EndGlobalSection
EndGlobal
